# THIS IS AN AUTOGENERATED FILE. DO NOT EDIT THIS FILE DIRECTLY.
# yarn lockfile v1


core-util-is@~1.0.0:
  version "1.0.2"
  resolved "https://registry.yarnpkg.com/core-util-is/-/core-util-is-1.0.2.tgz#b5fd54220aa2bc5ab57aab7140c940754503c1a7"

duplex-json-stream@^1.0.1:
  version "1.0.1"
  resolved "https://registry.yarnpkg.com/duplex-json-stream/-/duplex-json-stream-1.0.1.tgz#454ad77d791091b0b0866b5bf57dadcdfb070db7"
  dependencies:
    ndjson "^1.4.2"
    pumpify "^1.3.3"

duplexify@^3.6.0:
  version "3.6.0"
  resolved "https://registry.yarnpkg.com/duplexify/-/duplexify-3.6.0.tgz#592903f5d80b38d037220541264d69a198fb3410"
  dependencies:
    end-of-stream "^1.0.0"
    inherits "^2.0.1"
    readable-stream "^2.0.0"
    stream-shift "^1.0.0"

end-of-stream@^1.0.0, end-of-stream@^1.1.0:
  version "1.4.1"
  resolved "https://registry.yarnpkg.com/end-of-stream/-/end-of-stream-1.4.1.tgz#ed29634d19baba463b6ce6b80a37213eab71ec43"
  dependencies:
    once "^1.4.0"

fully-connected-topology@^1.1.1:
  version "1.1.1"
  resolved "https://registry.yarnpkg.com/fully-connected-topology/-/fully-connected-topology-1.1.1.tgz#5f418566dee3d533fec43353756718339c9fd09f"
  dependencies:
    length-prefixed-message "^3.0.2"
    network-address "^0.0.4"
    once "^1.3.0"

hash-index@^3.0.0:
  version "3.0.0"
  resolved "https://registry.yarnpkg.com/hash-index/-/hash-index-3.0.0.tgz#e4ec9d750b31028d6e15d14cddc7fd96e1211259"

hash-to-port@^1.0.0:
  version "1.0.0"
  resolved "https://registry.yarnpkg.com/hash-to-port/-/hash-to-port-1.0.0.tgz#189bde2249778d02c86cc591244993140f19a669"
  dependencies:
    hash-index "^3.0.0"

inherits@^2.0.1, inherits@^2.0.3, inherits@~2.0.3:
  version "2.0.3"
  resolved "https://registry.yarnpkg.com/inherits/-/inherits-2.0.3.tgz#633c2c83e3da42a502f52466022480f4208261de"

isarray@~1.0.0:
  version "1.0.0"
  resolved "https://registry.yarnpkg.com/isarray/-/isarray-1.0.0.tgz#bb935d48582cba168c06834957a54a3e07124f11"

json-stringify-safe@^5.0.1:
  version "5.0.1"
  resolved "https://registry.yarnpkg.com/json-stringify-safe/-/json-stringify-safe-5.0.1.tgz#1296a2d58fd45f19a0f6ce01d65701e2c735b6eb"

length-prefixed-message@^3.0.2:
  version "3.0.3"
  resolved "https://registry.yarnpkg.com/length-prefixed-message/-/length-prefixed-message-3.0.3.tgz#245474d69abc0614dca368dc35aa8074982a23ac"
  dependencies:
    varint "^3.0.1"

minimist@^1.2.0:
  version "1.2.0"
  resolved "https://registry.yarnpkg.com/minimist/-/minimist-1.2.0.tgz#a35008b20f41383eec1fb914f4cd5df79a264284"

multicast-dns@^3.0.0:
  version "3.0.0"
  resolved "https://registry.yarnpkg.com/multicast-dns/-/multicast-dns-3.0.0.tgz#2bd7956425836b90f9ecb85685e2ae2b35dbae19"
  dependencies:
    thunky "^0.1.0"

ndjson@^1.4.2:
  version "1.5.0"
  resolved "https://registry.yarnpkg.com/ndjson/-/ndjson-1.5.0.tgz#ae603b36b134bcec347b452422b0bf98d5832ec8"
  dependencies:
    json-stringify-safe "^5.0.1"
    minimist "^1.2.0"
    split2 "^2.1.0"
    through2 "^2.0.3"

network-address@^0.0.4:
  version "0.0.4"
  resolved "https://registry.yarnpkg.com/network-address/-/network-address-0.0.4.tgz#4dc7a8400a9fbac6b845a2c7bf3f06bcf9b2eedf"

network-address@^1.0.0:
  version "1.1.2"
  resolved "https://registry.yarnpkg.com/network-address/-/network-address-1.1.2.tgz#4aa7bfd43f03f0b81c9702b13d6a858ddb326f3e"

once@^1.3.0, once@^1.3.1, once@^1.4.0:
  version "1.4.0"
  resolved "https://registry.yarnpkg.com/once/-/once-1.4.0.tgz#583b1aa775961d4b113ac17d9c50baef9dd76bd1"
  dependencies:
    wrappy "1"

process-nextick-args@~2.0.0:
  version "2.0.0"
  resolved "https://registry.yarnpkg.com/process-nextick-args/-/process-nextick-args-2.0.0.tgz#a37d732f4271b4ab1ad070d35508e8290788ffaa"

pump@^2.0.0:
  version "2.0.1"
  resolved "https://registry.yarnpkg.com/pump/-/pump-2.0.1.tgz#12399add6e4cf7526d973cbc8b5ce2e2908b3909"
  dependencies:
    end-of-stream "^1.1.0"
    once "^1.3.1"

pumpify@^1.3.3:
  version "1.5.1"
  resolved "https://registry.yarnpkg.com/pumpify/-/pumpify-1.5.1.tgz#36513be246ab27570b1a374a5ce278bfd74370ce"
  dependencies:
    duplexify "^3.6.0"
    inherits "^2.0.3"
    pump "^2.0.0"

readable-stream@^2.0.0, readable-stream@^2.1.5:
  version "2.3.6"
  resolved "https://registry.yarnpkg.com/readable-stream/-/readable-stream-2.3.6.tgz#b11c27d88b8ff1fbe070643cf94b0c79ae1b0aaf"
  dependencies:
    core-util-is "~1.0.0"
    inherits "~2.0.3"
    isarray "~1.0.0"
    process-nextick-args "~2.0.0"
    safe-buffer "~5.1.1"
    string_decoder "~1.1.1"
    util-deprecate "~1.0.1"

register-multicast-dns@^1.1.0:
  version "1.1.0"
  resolved "https://registry.yarnpkg.com/register-multicast-dns/-/register-multicast-dns-1.1.0.tgz#20042afc70e8204fc9a0528e48edc4f87e344c96"
  dependencies:
    multicast-dns "^3.0.0"
    network-address "^1.0.0"

safe-buffer@~5.1.0, safe-buffer@~5.1.1:
  version "5.1.2"
  resolved "https://registry.yarnpkg.com/safe-buffer/-/safe-buffer-5.1.2.tgz#991ec69d296e0313747d59bdfd2b745c35f8828d"

split2@^2.1.0:
  version "2.2.0"
  resolved "https://registry.yarnpkg.com/split2/-/split2-2.2.0.tgz#186b2575bcf83e85b7d18465756238ee4ee42493"
  dependencies:
    through2 "^2.0.2"

stream-set@^1.1.0:
  version "1.1.0"
  resolved "https://registry.yarnpkg.com/stream-set/-/stream-set-1.1.0.tgz#ededc619e1351719e55f7f3e15dbe6b63196ee1f"
  dependencies:
    end-of-stream "^1.1.0"

stream-shift@^1.0.0:
  version "1.0.0"
  resolved "https://registry.yarnpkg.com/stream-shift/-/stream-shift-1.0.0.tgz#d5c752825e5367e786f78e18e445ea223a155952"

string_decoder@~1.1.1:
  version "1.1.1"
  resolved "https://registry.yarnpkg.com/string_decoder/-/string_decoder-1.1.1.tgz#9cf1611ba62685d7030ae9e4ba34149c3af03fc8"
  dependencies:
    safe-buffer "~5.1.0"

through2@^2.0.2, through2@^2.0.3:
  version "2.0.3"
  resolved "https://registry.yarnpkg.com/through2/-/through2-2.0.3.tgz#0004569b37c7c74ba39c43f3ced78d1ad94140be"
  dependencies:
    readable-stream "^2.1.5"
    xtend "~4.0.1"

thunky@^0.1.0:
  version "0.1.0"
  resolved "https://registry.yarnpkg.com/thunky/-/thunky-0.1.0.tgz#bf30146824e2b6e67b0f2d7a4ac8beb26908684e"

util-deprecate@~1.0.1:
  version "1.0.2"
  resolved "https://registry.yarnpkg.com/util-deprecate/-/util-deprecate-1.0.2.tgz#450d4dc9fa70de732762fbd2d4a28981419a0ccf"

varint@^3.0.1:
  version "3.0.1"
  resolved "https://registry.yarnpkg.com/varint/-/varint-3.0.1.tgz#9d3f53e036c0ab12000a74bc2d24cbf093a581d9"

wrappy@1:
  version "1.0.2"
  resolved "https://registry.yarnpkg.com/wrappy/-/wrappy-1.0.2.tgz#b5243d8f3ec1aa35f1364605bc0d1036e30ab69f"

xtend@~4.0.1:
  version "4.0.1"
  resolved "https://registry.yarnpkg.com/xtend/-/xtend-4.0.1.tgz#a5c6d532be656e23db820efb943a1f04998d63af"
